FORGE
  remote: https://forgeapi.puppetlabs.com
  specs:
    conzar-check_run (0.2.2)
    maestrodev-wget (1.4.5)
    puppetlabs-apt (1.5.2)
      puppetlabs-stdlib (>= 2.2.1)
    puppetlabs-concat (1.1.0)
      puppetlabs-stdlib (>= 4.0.0)
    puppetlabs-firewall (1.1.3)
    puppetlabs-nodejs (0.6.1)
      puppetlabs-apt (>= 0.0.3)
      puppetlabs-stdlib (>= 2.0.0)
    puppetlabs-postgresql (3.4.1)
      puppetlabs-apt (< 2.0.0, >= 1.1.0)
      puppetlabs-concat (< 2.0.0, >= 1.0.0)
      puppetlabs-firewall (>= 0.0.4)
      puppetlabs-stdlib (< 5.0.0, >= 3.2.0)
    puppetlabs-stdlib (4.3.2)
    puppetlabs-vcsrepo (1.1.0)

GIT
  remote: https://github.com/nickstenning/ckan-puppet.git
  ref: integration
  sha: 342754069354720811978156984373867e506cc4
  specs:
    nickstenning-ckan (1.0.4)
      conzar-check_run (>= 0.2.2)
      maestrodev-wget (>= 1.3.0)
      puppetlabs-concat (>= 1.1.0)
      puppetlabs-nodejs (>= 0.4.0)
      puppetlabs-postgresql (>= 3.2.0)
      puppetlabs-vcsrepo (>= 1.1.0)

DEPENDENCIES
  nickstenning-ckan (>= 0)

